
Microsoft Visual Studio Solution File, Format Version 12.00
# Visual Studio 15
VisualStudioVersion = 15.0.27130.2036
MinimumVisualStudioVersion = 10.0.40219.1
Project("{FAE04EC0-301F-11D3-BF4B-00C04F79EFBC}") = "CourseProject", "CourseProject\CourseProject.csproj", "{EC67A473-B7E8-4C10-86E1-00289EF016C0}"
EndProject
Project("{FAE04EC0-301F-11D3-BF4B-00C04F79EFBC}") = "CourseProject.DataAccess", "CourseProject.DataAccess\CourseProject.DataAccess.csproj", "{C0707E7C-7BE0-4A9D-86EC-40CEF9C5325C}"
EndProject
Project("{FAE04EC0-301F-11D3-BF4B-00C04F79EFBC}") = "CourseProject.DB", "CourseProject.DB\CourseProject.DB.csproj", "{69CED770-3616-419F-8C76-E84BD36C74A5}"
EndProject
Global
	GlobalSection(SolutionConfigurationPlatforms) = preSolution
		Debug|Any CPU = Debug|Any CPU
		Release|Any CPU = Release|Any CPU
	EndGlobalSection
	GlobalSection(ProjectConfigurationPlatforms) = postSolution
		{EC67A473-B7E8-4C10-86E1-00289EF016C0}.Debug|Any CPU.ActiveCfg = Debug|Any CPU
		{EC67A473-B7E8-4C10-86E1-00289EF016C0}.Debug|Any CPU.Build.0 = Debug|Any CPU
		{EC67A473-B7E8-4C10-86E1-00289EF016C0}.Release|Any CPU.ActiveCfg = Release|Any CPU
		{EC67A473-B7E8-4C10-86E1-00289EF016C0}.Release|Any CPU.Build.0 = Release|Any CPU
		{C0707E7C-7BE0-4A9D-86EC-40CEF9C5325C}.Debug|Any CPU.ActiveCfg = Debug|Any CPU
		{C0707E7C-7BE0-4A9D-86EC-40CEF9C5325C}.Debug|Any CPU.Build.0 = Debug|Any CPU
		{C0707E7C-7BE0-4A9D-86EC-40CEF9C5325C}.Release|Any CPU.ActiveCfg = Release|Any CPU
		{C0707E7C-7BE0-4A9D-86EC-40CEF9C5325C}.Release|Any CPU.Build.0 = Release|Any CPU
		{69CED770-3616-419F-8C76-E84BD36C74A5}.Debug|Any CPU.ActiveCfg = Debug|Any CPU
		{69CED770-3616-419F-8C76-E84BD36C74A5}.Debug|Any CPU.Build.0 = Debug|Any CPU
		{69CED770-3616-419F-8C76-E84BD36C74A5}.Release|Any CPU.ActiveCfg = Release|Any CPU
		{69CED770-3616-419F-8C76-E84BD36C74A5}.Release|Any CPU.Build.0 = Release|Any CPU
	EndGlobalSection
	GlobalSection(SolutionProperties) = preSolution
		HideSolutionNode = FALSE
	EndGlobalSection
	GlobalSection(ExtensibilityGlobals) = postSolution
		SolutionGuid = {3065365B-E1D4-4F4D-B6DF-1466C5D47C86}
	EndGlobalSection
EndGlobal
